
Microsoft Visual Studio Solution File, Format Version 12.00
# Visual Studio Version 17
VisualStudioVersion = 17.0.31825.309
MinimumVisualStudioVersion = 10.0.40219.1
Project("{FAE04EC0-301F-11D3-BF4B-00C04F79EFBC}") = "Exception", "Exception\Exception.csproj", "{5D46A4FC-B6BE-45FF-8375-A85159267347}"
EndProject
Global
	GlobalSection(SolutionConfigurationPlatforms) = preSolution
		Debug|Any CPU = Debug|Any CPU
		Release|Any CPU = Release|Any CPU
	EndGlobalSection
	GlobalSection(ProjectConfigurationPlatforms) = postSolution
		{5D46A4FC-B6BE-45FF-8375-A85159267347}.Debug|Any CPU.ActiveCfg = Debug|Any CPU
		{5D46A4FC-B6BE-45FF-8375-A85159267347}.Debug|Any CPU.Build.0 = Debug|Any CPU
		{5D46A4FC-B6BE-45FF-8375-A85159267347}.Release|Any CPU.ActiveCfg = Release|Any CPU
		{5D46A4FC-B6BE-45FF-8375-A85159267347}.Release|Any CPU.Build.0 = Release|Any CPU
	EndGlobalSection
	GlobalSection(SolutionProperties) = preSolution
		HideSolutionNode = FALSE
	EndGlobalSection
	GlobalSection(ExtensibilityGlobals) = postSolution
		SolutionGuid = {506E92B6-0E46-40C6-B32E-6BA38B804515}
	EndGlobalSection
EndGlobal
